
Microsoft Visual Studio Solution File, Format Version 12.00
# Visual Studio Version 17
VisualStudioVersion = 17.2.32317.152
MinimumVisualStudioVersion = 10.0.40219.1
Project("{FAE04EC0-301F-11D3-BF4B-00C04F79EFBC}") = "XslFO.ViewerApplication", "XslFO.ViewerApplication\XslFO.ViewerApplication.csproj", "{E6CD0C44-D07A-473E-BEBC-23125B762984}"
EndProject
Project("{FAE04EC0-301F-11D3-BF4B-00C04F79EFBC}") = "XslFO.ControlLibrary", "XslFO.ControlLibrary\XslFO.ControlLibrary.csproj", "{814F92F4-2CF8-45D4-97AC-4854CA465D15}"
EndProject
Project("{FAE04EC0-301F-11D3-BF4B-00C04F79EFBC}") = "OpenSource.WinForms.Animations", "OpenSource.WinForms.Animations\OpenSource.WinForms.Animations.csproj", "{5222558B-C90B-4A8D-9081-9079D2E826D0}"
EndProject
Project("{2150E333-8FDC-42A3-9474-1A3956D46DE8}") = "05 - WinForms", "05 - WinForms", "{0F510A11-E011-4C71-83D3-B9D1E7CF8954}"
EndProject
Project("{2150E333-8FDC-42A3-9474-1A3956D46DE8}") = "WinForms.Common", "WinForms.Common", "{37C7509C-D58F-4D9D-8058-5C260C57B9B6}"
EndProject
Project("{2150E333-8FDC-42A3-9474-1A3956D46DE8}") = "03 - Asp .NET Web API Project (.NET 4.8)", "03 - Asp .NET Web API Project (.NET 4.8)", "{1EA3ED4F-BC0E-4D30-9173-CC07429538B0}"
EndProject
Project("{9A19103F-16F7-4668-BE54-9A1E7A4F7556}") = "PdfTemplating.XslFO.Render.Fonet", "PdfTemplating.XslFO.Render.Fonet\PdfTemplating.XslFO.Render.Fonet.csproj", "{23D05779-C655-4D1D-BC48-3678A4D0F84E}"
EndProject
Project("{9A19103F-16F7-4668-BE54-9A1E7A4F7556}") = "PdfTemplating.XslFO.Common", "PdfTemplating.Common\PdfTemplating.XslFO.Common.csproj", "{CF96DCE8-A93D-4D9A-A909-FCA0BE90B12B}"
EndProject
Project("{2150E333-8FDC-42A3-9474-1A3956D46DE8}") = "01 - Templating", "01 - Templating", "{3FC646FF-E262-4BEC-ABCE-465EF01DD551}"
EndProject
Project("{9A19103F-16F7-4668-BE54-9A1E7A4F7556}") = "PdfTemplating.XslFO.Xslt", "PdfTemplating.XslFO.Xslt\PdfTemplating.XslFO.Xslt.csproj", "{C17CF83E-E100-47A0-BA8D-13835D84DEEC}"
EndProject
Project("{FAE04EC0-301F-11D3-BF4B-00C04F79EFBC}") = "PdfTemplating.XslFO.Razor.AspNetMvc", "PdfTemplating.XslFO.Razor.AspNetMvc\PdfTemplating.XslFO.Razor.AspNetMvc.csproj", "{86678DEA-1DA7-4478-989A-05087A7A0158}"
EndProject
Project("{2150E333-8FDC-42A3-9474-1A3956D46DE8}") = "99 - __Original Fonet Project", "99 - __Original Fonet Project", "{01CB0DD8-FBCA-4617-954E-B163BE4B344E}"
EndProject
Project("{FAE04EC0-301F-11D3-BF4B-00C04F79EFBC}") = "FONet.Core", "OpenSource.FONet.NetFramework\Core\FONet.Core.csproj", "{741FF28C-581C-4C51-821D-032392836C16}"
EndProject
Project("{FAE04EC0-301F-11D3-BF4B-00C04F79EFBC}") = "XslFO.WebMvc.AspNet", "XslFO.WebMVC.AspNet\XslFO.WebMvc.AspNet.csproj", "{F9AE759C-C0EF-4412-8A33-64982C2474BB}"
EndProject
Project("{9A19103F-16F7-4668-BE54-9A1E7A4F7556}") = "PdfTemplating.XslFO.Render.ApacheFOP.Serverless", "PdfTemplating.XslFO.Render.ApacheFOP.Serverless\PdfTemplating.XslFO.Render.ApacheFOP.Serverless.csproj", "{04DB393E-7868-4BFE-B69A-5ABA00257940}"
EndProject
Project("{2150E333-8FDC-42A3-9474-1A3956D46DE8}") = "02 - Rendering", "02 - Rendering", "{A1D247C7-EDC4-452A-A90B-1F8EFBF216AE}"
EndProject
Project("{2150E333-8FDC-42A3-9474-1A3956D46DE8}") = "00 - Common", "00 - Common", "{625A1E03-1CC9-46A4-8DA4-98871B23CF3C}"
EndProject
Project("{2150E333-8FDC-42A3-9474-1A3956D46DE8}") = "FONet", "FONet", "{0AC81778-F279-4F92-B1A9-E0932563C65E}"
EndProject
Project("{2150E333-8FDC-42A3-9474-1A3956D46DE8}") = "ApacheFOP.Serverless", "ApacheFOP.Serverless", "{FA21E306-D722-4DFA-8B4B-D329FAFFBF15}"
EndProject
Project("{2150E333-8FDC-42A3-9474-1A3956D46DE8}") = "06 - Console", "06 - Console", "{29955809-E2E7-4E53-9DAD-3848CE6F0742}"
EndProject
Project("{9A19103F-16F7-4668-BE54-9A1E7A4F7556}") = "XslFO.Console", "XslFO.Console\XslFO.Console.csproj", "{C9EDD7AB-5A15-4970-B660-D981A020EA81}"
EndProject
Project("{2150E333-8FDC-42A3-9474-1A3956D46DE8}") = "04 - Asp .NET Core Web API Project (.NET 6)", "04 - Asp .NET Core Web API Project (.NET 6)", "{02290664-0964-4EA5-AA17-20BE04327B71}"
EndProject
Project("{9A19103F-16F7-4668-BE54-9A1E7A4F7556}") = "XslFO.WebApi.AspNetCore", "XslFO.WebApi.AspNetCore\XslFO.WebApi.AspNetCore.csproj", "{2553FCDC-5F7D-4FB0-87F9-BF882CDC8F02}"
EndProject
Project("{9A19103F-16F7-4668-BE54-9A1E7A4F7556}") = "PdfTemplating.XslFO.Razor.AspNetCoreMvc", "PdfTemplating.XslFO.Razor.AspNetCoreMvc\PdfTemplating.XslFO.Razor.AspNetCoreMvc.csproj", "{C2D01A08-6196-483E-B1BA-07EA7D13BD45}"
EndProject
Global
	GlobalSection(SolutionConfigurationPlatforms) = preSolution
		Debug|Any CPU = Debug|Any CPU
		PublishToNuget (AspNetMvc Only)|Any CPU = PublishToNuget (AspNetMvc Only)|Any CPU
		Release|Any CPU = Release|Any CPU
	EndGlobalSection
	GlobalSection(ProjectConfigurationPlatforms) = postSolution
		{E6CD0C44-D07A-473E-BEBC-23125B762984}.Debug|Any CPU.ActiveCfg = Debug|x86
		{E6CD0C44-D07A-473E-BEBC-23125B762984}.PublishToNuget (AspNetMvc Only)|Any CPU.ActiveCfg = PublishToNuget|x86
		{E6CD0C44-D07A-473E-BEBC-23125B762984}.Release|Any CPU.ActiveCfg = Release|x86
		{E6CD0C44-D07A-473E-BEBC-23125B762984}.Release|Any CPU.Build.0 = Release|x86
		{814F92F4-2CF8-45D4-97AC-4854CA465D15}.Debug|Any CPU.ActiveCfg = Debug|x86
		{814F92F4-2CF8-45D4-97AC-4854CA465D15}.PublishToNuget (AspNetMvc Only)|Any CPU.ActiveCfg = PublishToNuget|x86
		{814F92F4-2CF8-45D4-97AC-4854CA465D15}.Release|Any CPU.ActiveCfg = Release|x86
		{814F92F4-2CF8-45D4-97AC-4854CA465D15}.Release|Any CPU.Build.0 = Release|x86
		{5222558B-C90B-4A8D-9081-9079D2E826D0}.Debug|Any CPU.ActiveCfg = Debug|Any CPU
		{5222558B-C90B-4A8D-9081-9079D2E826D0}.Debug|Any CPU.Build.0 = Debug|Any CPU
		{5222558B-C90B-4A8D-9081-9079D2E826D0}.PublishToNuget (AspNetMvc Only)|Any CPU.ActiveCfg = PublishToNuget|Any CPU
		{5222558B-C90B-4A8D-9081-9079D2E826D0}.Release|Any CPU.ActiveCfg = Release|Any CPU
		{5222558B-C90B-4A8D-9081-9079D2E826D0}.Release|Any CPU.Build.0 = Release|Any CPU
		{23D05779-C655-4D1D-BC48-3678A4D0F84E}.Debug|Any CPU.ActiveCfg = Debug|Any CPU
		{23D05779-C655-4D1D-BC48-3678A4D0F84E}.Debug|Any CPU.Build.0 = Debug|Any CPU
		{23D05779-C655-4D1D-BC48-3678A4D0F84E}.PublishToNuget (AspNetMvc Only)|Any CPU.ActiveCfg = PublishToNuget|Any CPU
		{23D05779-C655-4D1D-BC48-3678A4D0F84E}.Release|Any CPU.ActiveCfg = Release|Any CPU
		{23D05779-C655-4D1D-BC48-3678A4D0F84E}.Release|Any CPU.Build.0 = Release|Any CPU
		{CF96DCE8-A93D-4D9A-A909-FCA0BE90B12B}.Debug|Any CPU.ActiveCfg = Debug|Any CPU
		{CF96DCE8-A93D-4D9A-A909-FCA0BE90B12B}.Debug|Any CPU.Build.0 = Debug|Any CPU
		{CF96DCE8-A93D-4D9A-A909-FCA0BE90B12B}.PublishToNuget (AspNetMvc Only)|Any CPU.ActiveCfg = PublishToNuget|Any CPU
		{CF96DCE8-A93D-4D9A-A909-FCA0BE90B12B}.Release|Any CPU.ActiveCfg = Release|Any CPU
		{CF96DCE8-A93D-4D9A-A909-FCA0BE90B12B}.Release|Any CPU.Build.0 = Release|Any CPU
		{C17CF83E-E100-47A0-BA8D-13835D84DEEC}.Debug|Any CPU.ActiveCfg = Debug|Any CPU
		{C17CF83E-E100-47A0-BA8D-13835D84DEEC}.Debug|Any CPU.Build.0 = Debug|Any CPU
		{C17CF83E-E100-47A0-BA8D-13835D84DEEC}.PublishToNuget (AspNetMvc Only)|Any CPU.ActiveCfg = PublishToNuget|Any CPU
		{C17CF83E-E100-47A0-BA8D-13835D84DEEC}.Release|Any CPU.ActiveCfg = Release|Any CPU
		{C17CF83E-E100-47A0-BA8D-13835D84DEEC}.Release|Any CPU.Build.0 = Release|Any CPU
		{86678DEA-1DA7-4478-989A-05087A7A0158}.Debug|Any CPU.ActiveCfg = Debug|Any CPU
		{86678DEA-1DA7-4478-989A-05087A7A0158}.Debug|Any CPU.Build.0 = Debug|Any CPU
		{86678DEA-1DA7-4478-989A-05087A7A0158}.PublishToNuget (AspNetMvc Only)|Any CPU.ActiveCfg = PublishToNuget|Any CPU
		{86678DEA-1DA7-4478-989A-05087A7A0158}.PublishToNuget (AspNetMvc Only)|Any CPU.Build.0 = PublishToNuget|Any CPU
		{86678DEA-1DA7-4478-989A-05087A7A0158}.Release|Any CPU.ActiveCfg = Release|Any CPU
		{86678DEA-1DA7-4478-989A-05087A7A0158}.Release|Any CPU.Build.0 = Release|Any CPU
		{741FF28C-581C-4C51-821D-032392836C16}.Debug|Any CPU.ActiveCfg = Debug|Any CPU
		{741FF28C-581C-4C51-821D-032392836C16}.Debug|Any CPU.Build.0 = Debug|Any CPU
		{741FF28C-581C-4C51-821D-032392836C16}.PublishToNuget (AspNetMvc Only)|Any CPU.ActiveCfg = PublishToNuget|Any CPU
		{741FF28C-581C-4C51-821D-032392836C16}.Release|Any CPU.ActiveCfg = Release|Any CPU
		{741FF28C-581C-4C51-821D-032392836C16}.Release|Any CPU.Build.0 = Release|Any CPU
		{F9AE759C-C0EF-4412-8A33-64982C2474BB}.Debug|Any CPU.ActiveCfg = Debug|Any CPU
		{F9AE759C-C0EF-4412-8A33-64982C2474BB}.Debug|Any CPU.Build.0 = Debug|Any CPU
		{F9AE759C-C0EF-4412-8A33-64982C2474BB}.PublishToNuget (AspNetMvc Only)|Any CPU.ActiveCfg = PublishToNuget|Any CPU
		{F9AE759C-C0EF-4412-8A33-64982C2474BB}.Release|Any CPU.ActiveCfg = Release|Any CPU
		{F9AE759C-C0EF-4412-8A33-64982C2474BB}.Release|Any CPU.Build.0 = Release|Any CPU
		{04DB393E-7868-4BFE-B69A-5ABA00257940}.Debug|Any CPU.ActiveCfg = Debug|Any CPU
		{04DB393E-7868-4BFE-B69A-5ABA00257940}.Debug|Any CPU.Build.0 = Debug|Any CPU
		{04DB393E-7868-4BFE-B69A-5ABA00257940}.PublishToNuget (AspNetMvc Only)|Any CPU.ActiveCfg = PublishToNuget|Any CPU
		{04DB393E-7868-4BFE-B69A-5ABA00257940}.Release|Any CPU.ActiveCfg = Release|Any CPU
		{04DB393E-7868-4BFE-B69A-5ABA00257940}.Release|Any CPU.Build.0 = Release|Any CPU
		{C9EDD7AB-5A15-4970-B660-D981A020EA81}.Debug|Any CPU.ActiveCfg = Debug|Any CPU
		{C9EDD7AB-5A15-4970-B660-D981A020EA81}.Debug|Any CPU.Build.0 = Debug|Any CPU
		{C9EDD7AB-5A15-4970-B660-D981A020EA81}.PublishToNuget (AspNetMvc Only)|Any CPU.ActiveCfg = Debug|Any CPU
		{C9EDD7AB-5A15-4970-B660-D981A020EA81}.PublishToNuget (AspNetMvc Only)|Any CPU.Build.0 = Debug|Any CPU
		{C9EDD7AB-5A15-4970-B660-D981A020EA81}.Release|Any CPU.ActiveCfg = Release|Any CPU
		{C9EDD7AB-5A15-4970-B660-D981A020EA81}.Release|Any CPU.Build.0 = Release|Any CPU
		{2553FCDC-5F7D-4FB0-87F9-BF882CDC8F02}.Debug|Any CPU.ActiveCfg = Debug|Any CPU
		{2553FCDC-5F7D-4FB0-87F9-BF882CDC8F02}.Debug|Any CPU.Build.0 = Debug|Any CPU
		{2553FCDC-5F7D-4FB0-87F9-BF882CDC8F02}.PublishToNuget (AspNetMvc Only)|Any CPU.ActiveCfg = Debug|Any CPU
		{2553FCDC-5F7D-4FB0-87F9-BF882CDC8F02}.PublishToNuget (AspNetMvc Only)|Any CPU.Build.0 = Debug|Any CPU
		{2553FCDC-5F7D-4FB0-87F9-BF882CDC8F02}.Release|Any CPU.ActiveCfg = Release|Any CPU
		{2553FCDC-5F7D-4FB0-87F9-BF882CDC8F02}.Release|Any CPU.Build.0 = Release|Any CPU
		{C2D01A08-6196-483E-B1BA-07EA7D13BD45}.Debug|Any CPU.ActiveCfg = Debug|Any CPU
		{C2D01A08-6196-483E-B1BA-07EA7D13BD45}.Debug|Any CPU.Build.0 = Debug|Any CPU
		{C2D01A08-6196-483E-B1BA-07EA7D13BD45}.PublishToNuget (AspNetMvc Only)|Any CPU.ActiveCfg = Debug|Any CPU
		{C2D01A08-6196-483E-B1BA-07EA7D13BD45}.PublishToNuget (AspNetMvc Only)|Any CPU.Build.0 = Debug|Any CPU
		{C2D01A08-6196-483E-B1BA-07EA7D13BD45}.Release|Any CPU.ActiveCfg = Release|Any CPU
		{C2D01A08-6196-483E-B1BA-07EA7D13BD45}.Release|Any CPU.Build.0 = Release|Any CPU
	EndGlobalSection
	GlobalSection(SolutionProperties) = preSolution
		HideSolutionNode = FALSE
	EndGlobalSection
	GlobalSection(NestedProjects) = preSolution
		{E6CD0C44-D07A-473E-BEBC-23125B762984} = {0F510A11-E011-4C71-83D3-B9D1E7CF8954}
		{814F92F4-2CF8-45D4-97AC-4854CA465D15} = {37C7509C-D58F-4D9D-8058-5C260C57B9B6}
		{5222558B-C90B-4A8D-9081-9079D2E826D0} = {37C7509C-D58F-4D9D-8058-5C260C57B9B6}
		{37C7509C-D58F-4D9D-8058-5C260C57B9B6} = {0F510A11-E011-4C71-83D3-B9D1E7CF8954}
		{23D05779-C655-4D1D-BC48-3678A4D0F84E} = {0AC81778-F279-4F92-B1A9-E0932563C65E}
		{CF96DCE8-A93D-4D9A-A909-FCA0BE90B12B} = {625A1E03-1CC9-46A4-8DA4-98871B23CF3C}
		{C17CF83E-E100-47A0-BA8D-13835D84DEEC} = {3FC646FF-E262-4BEC-ABCE-465EF01DD551}
		{86678DEA-1DA7-4478-989A-05087A7A0158} = {3FC646FF-E262-4BEC-ABCE-465EF01DD551}
		{741FF28C-581C-4C51-821D-032392836C16} = {01CB0DD8-FBCA-4617-954E-B163BE4B344E}
		{F9AE759C-C0EF-4412-8A33-64982C2474BB} = {1EA3ED4F-BC0E-4D30-9173-CC07429538B0}
		{04DB393E-7868-4BFE-B69A-5ABA00257940} = {FA21E306-D722-4DFA-8B4B-D329FAFFBF15}
		{0AC81778-F279-4F92-B1A9-E0932563C65E} = {A1D247C7-EDC4-452A-A90B-1F8EFBF216AE}
		{FA21E306-D722-4DFA-8B4B-D329FAFFBF15} = {A1D247C7-EDC4-452A-A90B-1F8EFBF216AE}
		{C9EDD7AB-5A15-4970-B660-D981A020EA81} = {29955809-E2E7-4E53-9DAD-3848CE6F0742}
		{2553FCDC-5F7D-4FB0-87F9-BF882CDC8F02} = {02290664-0964-4EA5-AA17-20BE04327B71}
		{C2D01A08-6196-483E-B1BA-07EA7D13BD45} = {3FC646FF-E262-4BEC-ABCE-465EF01DD551}
	EndGlobalSection
	GlobalSection(ExtensibilityGlobals) = postSolution
		SolutionGuid = {7A57A57D-1914-4887-A77D-2FCB32B09BBE}
	EndGlobalSection
EndGlobal
