
Microsoft Visual Studio Solution File, Format Version 12.00
# Visual Studio 15
VisualStudioVersion = 15.0.27130.2027
MinimumVisualStudioVersion = 10.0.40219.1
Project("{FAE04EC0-301F-11D3-BF4B-00C04F79EFBC}") = "XslFO.ViewerApplication", "XslFO.ViewerApplication\XslFO.ViewerApplication.csproj", "{E6CD0C44-D07A-473E-BEBC-23125B762984}"
EndProject
Project("{FAE04EC0-301F-11D3-BF4B-00C04F79EFBC}") = "CSharp.CustomExtensions", "ClassLibrary.CSharp\CSharp.CustomExtensions.csproj", "{BB09E709-0970-4951-AFD2-5C52DE5589A3}"
EndProject
Project("{FAE04EC0-301F-11D3-BF4B-00C04F79EFBC}") = "FONet.Core", "OpenSource.FONet\Core\FONet.Core.csproj", "{741FF28C-581C-4C51-821D-032392836C16}"
EndProject
Project("{FAE04EC0-301F-11D3-BF4B-00C04F79EFBC}") = "XslFO.Library", "XslFO.Library\XslFO.Library.csproj", "{4BB90E22-FD2D-4D1A-B5FE-7E3ABF9AFAFE}"
EndProject
Project("{FAE04EC0-301F-11D3-BF4B-00C04F79EFBC}") = "XslFO.ControlLibrary", "XslFO.ControlLibrary\XslFO.ControlLibrary.csproj", "{814F92F4-2CF8-45D4-97AC-4854CA465D15}"
EndProject
Project("{FAE04EC0-301F-11D3-BF4B-00C04F79EFBC}") = "OpenSource.WinForms.Animations", "OpenSource.WinForms.Animations\OpenSource.WinForms.Animations.csproj", "{5222558B-C90B-4A8D-9081-9079D2E826D0}"
EndProject
Project("{2150E333-8FDC-42A3-9474-1A3956D46DE8}") = "WinForms", "WinForms", "{0F510A11-E011-4C71-83D3-B9D1E7CF8954}"
EndProject
Project("{2150E333-8FDC-42A3-9474-1A3956D46DE8}") = "XslFO", "XslFO", "{39582454-BC59-45AC-A056-7DD850142329}"
EndProject
Project("{2150E333-8FDC-42A3-9474-1A3956D46DE8}") = "Common", "Common", "{E8ABE59C-0B95-4FE3-9A21-3DDFE97FDE8C}"
EndProject
Project("{FAE04EC0-301F-11D3-BF4B-00C04F79EFBC}") = "XslFO.WebMVC", "XslFO.WebMVC\XslFO.WebMVC.csproj", "{F9AE759C-C0EF-4412-8A33-64982C2474BB}"
EndProject
Global
	GlobalSection(SolutionConfigurationPlatforms) = preSolution
		Debug|Any CPU = Debug|Any CPU
		Debug|x86 = Debug|x86
		Release|Any CPU = Release|Any CPU
		Release|x86 = Release|x86
	EndGlobalSection
	GlobalSection(ProjectConfigurationPlatforms) = postSolution
		{E6CD0C44-D07A-473E-BEBC-23125B762984}.Debug|Any CPU.ActiveCfg = Debug|x86
		{E6CD0C44-D07A-473E-BEBC-23125B762984}.Debug|x86.ActiveCfg = Debug|x86
		{E6CD0C44-D07A-473E-BEBC-23125B762984}.Debug|x86.Build.0 = Debug|x86
		{E6CD0C44-D07A-473E-BEBC-23125B762984}.Release|Any CPU.ActiveCfg = Release|x86
		{E6CD0C44-D07A-473E-BEBC-23125B762984}.Release|x86.ActiveCfg = Release|x86
		{E6CD0C44-D07A-473E-BEBC-23125B762984}.Release|x86.Build.0 = Release|x86
		{BB09E709-0970-4951-AFD2-5C52DE5589A3}.Debug|Any CPU.ActiveCfg = Debug|Any CPU
		{BB09E709-0970-4951-AFD2-5C52DE5589A3}.Debug|Any CPU.Build.0 = Debug|Any CPU
		{BB09E709-0970-4951-AFD2-5C52DE5589A3}.Debug|x86.ActiveCfg = Debug|Any CPU
		{BB09E709-0970-4951-AFD2-5C52DE5589A3}.Debug|x86.Build.0 = Debug|Any CPU
		{BB09E709-0970-4951-AFD2-5C52DE5589A3}.Release|Any CPU.ActiveCfg = Release|Any CPU
		{BB09E709-0970-4951-AFD2-5C52DE5589A3}.Release|Any CPU.Build.0 = Release|Any CPU
		{BB09E709-0970-4951-AFD2-5C52DE5589A3}.Release|x86.ActiveCfg = Release|Any CPU
		{BB09E709-0970-4951-AFD2-5C52DE5589A3}.Release|x86.Build.0 = Release|Any CPU
		{741FF28C-581C-4C51-821D-032392836C16}.Debug|Any CPU.ActiveCfg = Debug|Any CPU
		{741FF28C-581C-4C51-821D-032392836C16}.Debug|Any CPU.Build.0 = Debug|Any CPU
		{741FF28C-581C-4C51-821D-032392836C16}.Debug|x86.ActiveCfg = Debug|Any CPU
		{741FF28C-581C-4C51-821D-032392836C16}.Debug|x86.Build.0 = Debug|Any CPU
		{741FF28C-581C-4C51-821D-032392836C16}.Release|Any CPU.ActiveCfg = Release|Any CPU
		{741FF28C-581C-4C51-821D-032392836C16}.Release|Any CPU.Build.0 = Release|Any CPU
		{741FF28C-581C-4C51-821D-032392836C16}.Release|x86.ActiveCfg = Release|Any CPU
		{741FF28C-581C-4C51-821D-032392836C16}.Release|x86.Build.0 = Release|Any CPU
		{4BB90E22-FD2D-4D1A-B5FE-7E3ABF9AFAFE}.Debug|Any CPU.ActiveCfg = Debug|Any CPU
		{4BB90E22-FD2D-4D1A-B5FE-7E3ABF9AFAFE}.Debug|Any CPU.Build.0 = Debug|Any CPU
		{4BB90E22-FD2D-4D1A-B5FE-7E3ABF9AFAFE}.Debug|x86.ActiveCfg = Debug|Any CPU
		{4BB90E22-FD2D-4D1A-B5FE-7E3ABF9AFAFE}.Debug|x86.Build.0 = Debug|Any CPU
		{4BB90E22-FD2D-4D1A-B5FE-7E3ABF9AFAFE}.Release|Any CPU.ActiveCfg = Release|Any CPU
		{4BB90E22-FD2D-4D1A-B5FE-7E3ABF9AFAFE}.Release|Any CPU.Build.0 = Release|Any CPU
		{4BB90E22-FD2D-4D1A-B5FE-7E3ABF9AFAFE}.Release|x86.ActiveCfg = Release|Any CPU
		{4BB90E22-FD2D-4D1A-B5FE-7E3ABF9AFAFE}.Release|x86.Build.0 = Release|Any CPU
		{814F92F4-2CF8-45D4-97AC-4854CA465D15}.Debug|Any CPU.ActiveCfg = Debug|Any CPU
		{814F92F4-2CF8-45D4-97AC-4854CA465D15}.Debug|Any CPU.Build.0 = Debug|Any CPU
		{814F92F4-2CF8-45D4-97AC-4854CA465D15}.Debug|x86.ActiveCfg = Debug|Any CPU
		{814F92F4-2CF8-45D4-97AC-4854CA465D15}.Debug|x86.Build.0 = Debug|Any CPU
		{814F92F4-2CF8-45D4-97AC-4854CA465D15}.Release|Any CPU.ActiveCfg = Release|Any CPU
		{814F92F4-2CF8-45D4-97AC-4854CA465D15}.Release|Any CPU.Build.0 = Release|Any CPU
		{814F92F4-2CF8-45D4-97AC-4854CA465D15}.Release|x86.ActiveCfg = Release|Any CPU
		{814F92F4-2CF8-45D4-97AC-4854CA465D15}.Release|x86.Build.0 = Release|Any CPU
		{5222558B-C90B-4A8D-9081-9079D2E826D0}.Debug|Any CPU.ActiveCfg = Debug|Any CPU
		{5222558B-C90B-4A8D-9081-9079D2E826D0}.Debug|Any CPU.Build.0 = Debug|Any CPU
		{5222558B-C90B-4A8D-9081-9079D2E826D0}.Debug|x86.ActiveCfg = Debug|Any CPU
		{5222558B-C90B-4A8D-9081-9079D2E826D0}.Debug|x86.Build.0 = Debug|Any CPU
		{5222558B-C90B-4A8D-9081-9079D2E826D0}.Release|Any CPU.ActiveCfg = Release|Any CPU
		{5222558B-C90B-4A8D-9081-9079D2E826D0}.Release|Any CPU.Build.0 = Release|Any CPU
		{5222558B-C90B-4A8D-9081-9079D2E826D0}.Release|x86.ActiveCfg = Release|Any CPU
		{5222558B-C90B-4A8D-9081-9079D2E826D0}.Release|x86.Build.0 = Release|Any CPU
		{F9AE759C-C0EF-4412-8A33-64982C2474BB}.Debug|Any CPU.ActiveCfg = Debug|Any CPU
		{F9AE759C-C0EF-4412-8A33-64982C2474BB}.Debug|Any CPU.Build.0 = Debug|Any CPU
		{F9AE759C-C0EF-4412-8A33-64982C2474BB}.Debug|x86.ActiveCfg = Debug|Any CPU
		{F9AE759C-C0EF-4412-8A33-64982C2474BB}.Debug|x86.Build.0 = Debug|Any CPU
		{F9AE759C-C0EF-4412-8A33-64982C2474BB}.Release|Any CPU.ActiveCfg = Release|Any CPU
		{F9AE759C-C0EF-4412-8A33-64982C2474BB}.Release|Any CPU.Build.0 = Release|Any CPU
		{F9AE759C-C0EF-4412-8A33-64982C2474BB}.Release|x86.ActiveCfg = Release|Any CPU
		{F9AE759C-C0EF-4412-8A33-64982C2474BB}.Release|x86.Build.0 = Release|Any CPU
	EndGlobalSection
	GlobalSection(SolutionProperties) = preSolution
		HideSolutionNode = FALSE
	EndGlobalSection
	GlobalSection(NestedProjects) = preSolution
		{BB09E709-0970-4951-AFD2-5C52DE5589A3} = {E8ABE59C-0B95-4FE3-9A21-3DDFE97FDE8C}
		{741FF28C-581C-4C51-821D-032392836C16} = {39582454-BC59-45AC-A056-7DD850142329}
		{4BB90E22-FD2D-4D1A-B5FE-7E3ABF9AFAFE} = {39582454-BC59-45AC-A056-7DD850142329}
		{814F92F4-2CF8-45D4-97AC-4854CA465D15} = {0F510A11-E011-4C71-83D3-B9D1E7CF8954}
		{5222558B-C90B-4A8D-9081-9079D2E826D0} = {0F510A11-E011-4C71-83D3-B9D1E7CF8954}
	EndGlobalSection
	GlobalSection(ExtensibilityGlobals) = postSolution
		SolutionGuid = {7A57A57D-1914-4887-A77D-2FCB32B09BBE}
	EndGlobalSection
EndGlobal
