
Microsoft Visual Studio Solution File, Format Version 12.00
# Visual Studio 15
VisualStudioVersion = 15.0.27130.2027
MinimumVisualStudioVersion = 10.0.40219.1
Project("{FAE04EC0-301F-11D3-BF4B-00C04F79EFBC}") = "XslFO.ViewerApplication", "XslFO.ViewerApplication\XslFO.ViewerApplication.csproj", "{E6CD0C44-D07A-473E-BEBC-23125B762984}"
EndProject
Project("{FAE04EC0-301F-11D3-BF4B-00C04F79EFBC}") = "XslFO.ControlLibrary", "XslFO.ControlLibrary\XslFO.ControlLibrary.csproj", "{814F92F4-2CF8-45D4-97AC-4854CA465D15}"
EndProject
Project("{FAE04EC0-301F-11D3-BF4B-00C04F79EFBC}") = "OpenSource.WinForms.Animations", "OpenSource.WinForms.Animations\OpenSource.WinForms.Animations.csproj", "{5222558B-C90B-4A8D-9081-9079D2E826D0}"
EndProject
Project("{2150E333-8FDC-42A3-9474-1A3956D46DE8}") = "WinForms", "WinForms", "{0F510A11-E011-4C71-83D3-B9D1E7CF8954}"
EndProject
Project("{2150E333-8FDC-42A3-9474-1A3956D46DE8}") = "Common", "Common", "{E8ABE59C-0B95-4FE3-9A21-3DDFE97FDE8C}"
EndProject
Project("{FAE04EC0-301F-11D3-BF4B-00C04F79EFBC}") = "XslFO.WebMVC", "XslFO.WebMVC\XslFO.WebMVC.csproj", "{F9AE759C-C0EF-4412-8A33-64982C2474BB}"
EndProject
Project("{9A19103F-16F7-4668-BE54-9A1E7A4F7556}") = "CSharp.CustomExtensions", "CSharp.CustomExtensions\CSharp.CustomExtensions.csproj", "{ECA8E6F7-DCF2-4E59-8D91-B30C81A7C658}"
EndProject
Project("{2150E333-8FDC-42A3-9474-1A3956D46DE8}") = "WinForms.Common", "WinForms.Common", "{37C7509C-D58F-4D9D-8058-5C260C57B9B6}"
EndProject
Project("{2150E333-8FDC-42A3-9474-1A3956D46DE8}") = "WebMVC", "WebMVC", "{1EA3ED4F-BC0E-4D30-9173-CC07429538B0}"
EndProject
Project("{9A19103F-16F7-4668-BE54-9A1E7A4F7556}") = "PdfTemplating.XslFO", "PdfTemplating.XslFO\PdfTemplating.XslFO.csproj", "{23D05779-C655-4D1D-BC48-3678A4D0F84E}"
EndProject
Project("{9A19103F-16F7-4668-BE54-9A1E7A4F7556}") = "PdfTemplating.Common", "PdfTemplating.Common\PdfTemplating.Common.csproj", "{CF96DCE8-A93D-4D9A-A909-FCA0BE90B12B}"
EndProject
Project("{2150E333-8FDC-42A3-9474-1A3956D46DE8}") = "PdfTemplating", "PdfTemplating", "{3FC646FF-E262-4BEC-ABCE-465EF01DD551}"
EndProject
Project("{FAE04EC0-301F-11D3-BF4B-00C04F79EFBC}") = "PdfTemplating.XslFO.Xslt", "PdfTemplating.XslFO.Xslt\PdfTemplating.XslFO.Xslt.csproj", "{C17CF83E-E100-47A0-BA8D-13835D84DEEC}"
EndProject
Project("{9A19103F-16F7-4668-BE54-9A1E7A4F7556}") = "PdfTemplating.Fonet.NetStandard", "PdfTemplating.Fonet.NetStandard\PdfTemplating.Fonet.NetStandard.csproj", "{D052C6B6-C936-47C8-904D-05DBCA07C92E}"
EndProject
Project("{FAE04EC0-301F-11D3-BF4B-00C04F79EFBC}") = "PdfTemplating.XslFO.Razor.AspNet", "PdfTemplating.XslFO.Razor.AspNet\PdfTemplating.XslFO.Razor.AspNet.csproj", "{86678DEA-1DA7-4478-989A-05087A7A0158}"
EndProject
Global
	GlobalSection(SolutionConfigurationPlatforms) = preSolution
		Debug|Any CPU = Debug|Any CPU
		Debug|x86 = Debug|x86
		Release|Any CPU = Release|Any CPU
		Release|x86 = Release|x86
	EndGlobalSection
	GlobalSection(ProjectConfigurationPlatforms) = postSolution
		{E6CD0C44-D07A-473E-BEBC-23125B762984}.Debug|Any CPU.ActiveCfg = Debug|x86
		{E6CD0C44-D07A-473E-BEBC-23125B762984}.Debug|x86.ActiveCfg = Debug|x86
		{E6CD0C44-D07A-473E-BEBC-23125B762984}.Debug|x86.Build.0 = Debug|x86
		{E6CD0C44-D07A-473E-BEBC-23125B762984}.Release|Any CPU.ActiveCfg = Release|x86
		{E6CD0C44-D07A-473E-BEBC-23125B762984}.Release|x86.ActiveCfg = Release|x86
		{E6CD0C44-D07A-473E-BEBC-23125B762984}.Release|x86.Build.0 = Release|x86
		{814F92F4-2CF8-45D4-97AC-4854CA465D15}.Debug|Any CPU.ActiveCfg = Debug|Any CPU
		{814F92F4-2CF8-45D4-97AC-4854CA465D15}.Debug|Any CPU.Build.0 = Debug|Any CPU
		{814F92F4-2CF8-45D4-97AC-4854CA465D15}.Debug|x86.ActiveCfg = Debug|Any CPU
		{814F92F4-2CF8-45D4-97AC-4854CA465D15}.Debug|x86.Build.0 = Debug|Any CPU
		{814F92F4-2CF8-45D4-97AC-4854CA465D15}.Release|Any CPU.ActiveCfg = Release|Any CPU
		{814F92F4-2CF8-45D4-97AC-4854CA465D15}.Release|Any CPU.Build.0 = Release|Any CPU
		{814F92F4-2CF8-45D4-97AC-4854CA465D15}.Release|x86.ActiveCfg = Release|Any CPU
		{814F92F4-2CF8-45D4-97AC-4854CA465D15}.Release|x86.Build.0 = Release|Any CPU
		{5222558B-C90B-4A8D-9081-9079D2E826D0}.Debug|Any CPU.ActiveCfg = Debug|Any CPU
		{5222558B-C90B-4A8D-9081-9079D2E826D0}.Debug|Any CPU.Build.0 = Debug|Any CPU
		{5222558B-C90B-4A8D-9081-9079D2E826D0}.Debug|x86.ActiveCfg = Debug|Any CPU
		{5222558B-C90B-4A8D-9081-9079D2E826D0}.Debug|x86.Build.0 = Debug|Any CPU
		{5222558B-C90B-4A8D-9081-9079D2E826D0}.Release|Any CPU.ActiveCfg = Release|Any CPU
		{5222558B-C90B-4A8D-9081-9079D2E826D0}.Release|Any CPU.Build.0 = Release|Any CPU
		{5222558B-C90B-4A8D-9081-9079D2E826D0}.Release|x86.ActiveCfg = Release|Any CPU
		{5222558B-C90B-4A8D-9081-9079D2E826D0}.Release|x86.Build.0 = Release|Any CPU
		{F9AE759C-C0EF-4412-8A33-64982C2474BB}.Debug|Any CPU.ActiveCfg = Debug|Any CPU
		{F9AE759C-C0EF-4412-8A33-64982C2474BB}.Debug|Any CPU.Build.0 = Debug|Any CPU
		{F9AE759C-C0EF-4412-8A33-64982C2474BB}.Debug|x86.ActiveCfg = Debug|Any CPU
		{F9AE759C-C0EF-4412-8A33-64982C2474BB}.Debug|x86.Build.0 = Debug|Any CPU
		{F9AE759C-C0EF-4412-8A33-64982C2474BB}.Release|Any CPU.ActiveCfg = Release|Any CPU
		{F9AE759C-C0EF-4412-8A33-64982C2474BB}.Release|Any CPU.Build.0 = Release|Any CPU
		{F9AE759C-C0EF-4412-8A33-64982C2474BB}.Release|x86.ActiveCfg = Release|Any CPU
		{F9AE759C-C0EF-4412-8A33-64982C2474BB}.Release|x86.Build.0 = Release|Any CPU
		{ECA8E6F7-DCF2-4E59-8D91-B30C81A7C658}.Debug|Any CPU.ActiveCfg = Debug|Any CPU
		{ECA8E6F7-DCF2-4E59-8D91-B30C81A7C658}.Debug|Any CPU.Build.0 = Debug|Any CPU
		{ECA8E6F7-DCF2-4E59-8D91-B30C81A7C658}.Debug|x86.ActiveCfg = Debug|Any CPU
		{ECA8E6F7-DCF2-4E59-8D91-B30C81A7C658}.Debug|x86.Build.0 = Debug|Any CPU
		{ECA8E6F7-DCF2-4E59-8D91-B30C81A7C658}.Release|Any CPU.ActiveCfg = Release|Any CPU
		{ECA8E6F7-DCF2-4E59-8D91-B30C81A7C658}.Release|Any CPU.Build.0 = Release|Any CPU
		{ECA8E6F7-DCF2-4E59-8D91-B30C81A7C658}.Release|x86.ActiveCfg = Release|Any CPU
		{ECA8E6F7-DCF2-4E59-8D91-B30C81A7C658}.Release|x86.Build.0 = Release|Any CPU
		{23D05779-C655-4D1D-BC48-3678A4D0F84E}.Debug|Any CPU.ActiveCfg = Debug|Any CPU
		{23D05779-C655-4D1D-BC48-3678A4D0F84E}.Debug|Any CPU.Build.0 = Debug|Any CPU
		{23D05779-C655-4D1D-BC48-3678A4D0F84E}.Debug|x86.ActiveCfg = Debug|Any CPU
		{23D05779-C655-4D1D-BC48-3678A4D0F84E}.Debug|x86.Build.0 = Debug|Any CPU
		{23D05779-C655-4D1D-BC48-3678A4D0F84E}.Release|Any CPU.ActiveCfg = Release|Any CPU
		{23D05779-C655-4D1D-BC48-3678A4D0F84E}.Release|Any CPU.Build.0 = Release|Any CPU
		{23D05779-C655-4D1D-BC48-3678A4D0F84E}.Release|x86.ActiveCfg = Release|Any CPU
		{23D05779-C655-4D1D-BC48-3678A4D0F84E}.Release|x86.Build.0 = Release|Any CPU
		{CF96DCE8-A93D-4D9A-A909-FCA0BE90B12B}.Debug|Any CPU.ActiveCfg = Debug|Any CPU
		{CF96DCE8-A93D-4D9A-A909-FCA0BE90B12B}.Debug|Any CPU.Build.0 = Debug|Any CPU
		{CF96DCE8-A93D-4D9A-A909-FCA0BE90B12B}.Debug|x86.ActiveCfg = Debug|Any CPU
		{CF96DCE8-A93D-4D9A-A909-FCA0BE90B12B}.Debug|x86.Build.0 = Debug|Any CPU
		{CF96DCE8-A93D-4D9A-A909-FCA0BE90B12B}.Release|Any CPU.ActiveCfg = Release|Any CPU
		{CF96DCE8-A93D-4D9A-A909-FCA0BE90B12B}.Release|Any CPU.Build.0 = Release|Any CPU
		{CF96DCE8-A93D-4D9A-A909-FCA0BE90B12B}.Release|x86.ActiveCfg = Release|Any CPU
		{CF96DCE8-A93D-4D9A-A909-FCA0BE90B12B}.Release|x86.Build.0 = Release|Any CPU
		{C17CF83E-E100-47A0-BA8D-13835D84DEEC}.Debug|Any CPU.ActiveCfg = Debug|Any CPU
		{C17CF83E-E100-47A0-BA8D-13835D84DEEC}.Debug|Any CPU.Build.0 = Debug|Any CPU
		{C17CF83E-E100-47A0-BA8D-13835D84DEEC}.Debug|x86.ActiveCfg = Debug|Any CPU
		{C17CF83E-E100-47A0-BA8D-13835D84DEEC}.Debug|x86.Build.0 = Debug|Any CPU
		{C17CF83E-E100-47A0-BA8D-13835D84DEEC}.Release|Any CPU.ActiveCfg = Release|Any CPU
		{C17CF83E-E100-47A0-BA8D-13835D84DEEC}.Release|Any CPU.Build.0 = Release|Any CPU
		{C17CF83E-E100-47A0-BA8D-13835D84DEEC}.Release|x86.ActiveCfg = Release|Any CPU
		{C17CF83E-E100-47A0-BA8D-13835D84DEEC}.Release|x86.Build.0 = Release|Any CPU
		{D052C6B6-C936-47C8-904D-05DBCA07C92E}.Debug|Any CPU.ActiveCfg = Debug|Any CPU
		{D052C6B6-C936-47C8-904D-05DBCA07C92E}.Debug|Any CPU.Build.0 = Debug|Any CPU
		{D052C6B6-C936-47C8-904D-05DBCA07C92E}.Debug|x86.ActiveCfg = Debug|Any CPU
		{D052C6B6-C936-47C8-904D-05DBCA07C92E}.Debug|x86.Build.0 = Debug|Any CPU
		{D052C6B6-C936-47C8-904D-05DBCA07C92E}.Release|Any CPU.ActiveCfg = Release|Any CPU
		{D052C6B6-C936-47C8-904D-05DBCA07C92E}.Release|Any CPU.Build.0 = Release|Any CPU
		{D052C6B6-C936-47C8-904D-05DBCA07C92E}.Release|x86.ActiveCfg = Release|Any CPU
		{D052C6B6-C936-47C8-904D-05DBCA07C92E}.Release|x86.Build.0 = Release|Any CPU
		{86678DEA-1DA7-4478-989A-05087A7A0158}.Debug|Any CPU.ActiveCfg = Debug|Any CPU
		{86678DEA-1DA7-4478-989A-05087A7A0158}.Debug|Any CPU.Build.0 = Debug|Any CPU
		{86678DEA-1DA7-4478-989A-05087A7A0158}.Debug|x86.ActiveCfg = Debug|Any CPU
		{86678DEA-1DA7-4478-989A-05087A7A0158}.Debug|x86.Build.0 = Debug|Any CPU
		{86678DEA-1DA7-4478-989A-05087A7A0158}.Release|Any CPU.ActiveCfg = Release|Any CPU
		{86678DEA-1DA7-4478-989A-05087A7A0158}.Release|Any CPU.Build.0 = Release|Any CPU
		{86678DEA-1DA7-4478-989A-05087A7A0158}.Release|x86.ActiveCfg = Release|Any CPU
		{86678DEA-1DA7-4478-989A-05087A7A0158}.Release|x86.Build.0 = Release|Any CPU
	EndGlobalSection
	GlobalSection(SolutionProperties) = preSolution
		HideSolutionNode = FALSE
	EndGlobalSection
	GlobalSection(NestedProjects) = preSolution
		{E6CD0C44-D07A-473E-BEBC-23125B762984} = {0F510A11-E011-4C71-83D3-B9D1E7CF8954}
		{814F92F4-2CF8-45D4-97AC-4854CA465D15} = {37C7509C-D58F-4D9D-8058-5C260C57B9B6}
		{5222558B-C90B-4A8D-9081-9079D2E826D0} = {37C7509C-D58F-4D9D-8058-5C260C57B9B6}
		{F9AE759C-C0EF-4412-8A33-64982C2474BB} = {1EA3ED4F-BC0E-4D30-9173-CC07429538B0}
		{ECA8E6F7-DCF2-4E59-8D91-B30C81A7C658} = {E8ABE59C-0B95-4FE3-9A21-3DDFE97FDE8C}
		{37C7509C-D58F-4D9D-8058-5C260C57B9B6} = {0F510A11-E011-4C71-83D3-B9D1E7CF8954}
		{23D05779-C655-4D1D-BC48-3678A4D0F84E} = {3FC646FF-E262-4BEC-ABCE-465EF01DD551}
		{CF96DCE8-A93D-4D9A-A909-FCA0BE90B12B} = {3FC646FF-E262-4BEC-ABCE-465EF01DD551}
		{C17CF83E-E100-47A0-BA8D-13835D84DEEC} = {3FC646FF-E262-4BEC-ABCE-465EF01DD551}
		{D052C6B6-C936-47C8-904D-05DBCA07C92E} = {3FC646FF-E262-4BEC-ABCE-465EF01DD551}
		{86678DEA-1DA7-4478-989A-05087A7A0158} = {3FC646FF-E262-4BEC-ABCE-465EF01DD551}
	EndGlobalSection
	GlobalSection(ExtensibilityGlobals) = postSolution
		SolutionGuid = {7A57A57D-1914-4887-A77D-2FCB32B09BBE}
	EndGlobalSection
EndGlobal
